
Microsoft Visual Studio Solution File, Format Version 12.00
# Visual Studio Version 16
VisualStudioVersion = 16.0.30804.86
MinimumVisualStudioVersion = 10.0.40219.1
Project("{FAE04EC0-301F-11D3-BF4B-00C04F79EFBC}") = "ticTacToe", "ticTacToe\ticTacToe.csproj", "{4F76351C-E19E-4AC4-AB94-0553DBB8E6DF}"
EndProject
Global
	GlobalSection(SolutionConfigurationPlatforms) = preSolution
		Debug|Any CPU = Debug|Any CPU
		Release|Any CPU = Release|Any CPU
	EndGlobalSection
	GlobalSection(ProjectConfigurationPlatforms) = postSolution
		{4F76351C-E19E-4AC4-AB94-0553DBB8E6DF}.Debug|Any CPU.ActiveCfg = Debug|Any CPU
		{4F76351C-E19E-4AC4-AB94-0553DBB8E6DF}.Debug|Any CPU.Build.0 = Debug|Any CPU
		{4F76351C-E19E-4AC4-AB94-0553DBB8E6DF}.Release|Any CPU.ActiveCfg = Release|Any CPU
		{4F76351C-E19E-4AC4-AB94-0553DBB8E6DF}.Release|Any CPU.Build.0 = Release|Any CPU
	EndGlobalSection
	GlobalSection(SolutionProperties) = preSolution
		HideSolutionNode = FALSE
	EndGlobalSection
	GlobalSection(ExtensibilityGlobals) = postSolution
		SolutionGuid = {F7A373C0-40BE-4B0A-B1BE-01E5A7FA2380}
	EndGlobalSection
EndGlobal
